
Microsoft Visual Studio Solution File, Format Version 11.00
# Visual Studio 2010
Project("{FAE04EC0-301F-11D3-BF4B-00C04F79EFBC}") = "bookshop1.1", "bookshop1.1\bookshop1.1.csproj", "{E495398A-2E82-4DFD-A7AA-8E691B04AB1D}"
EndProject
Global
	GlobalSection(SolutionConfigurationPlatforms) = preSolution
		Debug|Any CPU = Debug|Any CPU
		Release|Any CPU = Release|Any CPU
	EndGlobalSection
	GlobalSection(ProjectConfigurationPlatforms) = postSolution
		{E495398A-2E82-4DFD-A7AA-8E691B04AB1D}.Debug|Any CPU.ActiveCfg = Debug|Any CPU
		{E495398A-2E82-4DFD-A7AA-8E691B04AB1D}.Debug|Any CPU.Build.0 = Debug|Any CPU
		{E495398A-2E82-4DFD-A7AA-8E691B04AB1D}.Release|Any CPU.ActiveCfg = Release|Any CPU
		{E495398A-2E82-4DFD-A7AA-8E691B04AB1D}.Release|Any CPU.Build.0 = Release|Any CPU
	EndGlobalSection
	GlobalSection(SolutionProperties) = preSolution
		HideSolutionNode = FALSE
	EndGlobalSection
EndGlobal
